
Microsoft Visual Studio Solution File, Format Version 12.00
# Visual Studio Version 17
VisualStudioVersion = 17.6.33829.357
MinimumVisualStudioVersion = 10.0.40219.1
Project("{FAE04EC0-301F-11D3-BF4B-00C04F79EFBC}") = "HW12", "HW12.csproj", "{0B861C13-365B-4BE5-A71C-C67C072F448A}"
EndProject
Global
	GlobalSection(SolutionConfigurationPlatforms) = preSolution
		Debug|Any CPU = Debug|Any CPU
		Release|Any CPU = Release|Any CPU
	EndGlobalSection
	GlobalSection(ProjectConfigurationPlatforms) = postSolution
		{0B861C13-365B-4BE5-A71C-C67C072F448A}.Debug|Any CPU.ActiveCfg = Debug|Any CPU
		{0B861C13-365B-4BE5-A71C-C67C072F448A}.Debug|Any CPU.Build.0 = Debug|Any CPU
		{0B861C13-365B-4BE5-A71C-C67C072F448A}.Release|Any CPU.ActiveCfg = Release|Any CPU
		{0B861C13-365B-4BE5-A71C-C67C072F448A}.Release|Any CPU.Build.0 = Release|Any CPU
	EndGlobalSection
	GlobalSection(SolutionProperties) = preSolution
		HideSolutionNode = FALSE
	EndGlobalSection
	GlobalSection(ExtensibilityGlobals) = postSolution
		SolutionGuid = {267BD78C-82E2-489E-87D4-66351C626018}
	EndGlobalSection
EndGlobal
